{
  "name": "@tridify/viewer-core",
  "version": "1.0.5",
  "lockfileVersion": 2,
  "requires": true,
  "packages": {
    "": {
      "name": "@tridify/viewer-core",
      "version": "1.0.5",
      "license": "MIT",
      "devDependencies": {
        "@babylonjs/core": "^5.0.0-alpha.65",
        "@babylonjs/loaders": "^5.0.0-alpha.65",
        "@types/node": "^15.3.0",
        "localforage": "^1.9.0",
        "lodash": "^4.17.20",
        "tslib": "^2.2.0",
        "typescript": "^4.4.2"
      },
      "peerDependencies": {
        "@babylonjs/core": "^5.0.0-alpha.65",
        "@babylonjs/loaders": "^5.0.0-alpha.65",
        "@types/node": "^15.3.0",
        "localforage": "^1.9.0",
        "lodash": "^4.17.20"
      }
    },
    "node_modules/@babylonjs/core": {
      "version": "5.0.0-alpha.65",
      "resolved": "https://registry.npmjs.org/@babylonjs/core/-/core-5.0.0-alpha.65.tgz",
      "integrity": "sha512-L4b5cLVYVqR+TuSMZK5tt79JXIndUq/RtMKgMFgNZbIweoBxY7C9Xf+DaoWrpDpXeb4ReaHLQJeeJczyzJQV6g==",
      "dev": true,
      "license": "Apache-2.0",
      "dependencies": {
        "tslib": "^2.3.1"
      },
      "engines": {
        "node": ">=12.x"
      }
    },
    "node_modules/@babylonjs/loaders": {
      "version": "5.0.0-alpha.65",
      "resolved": "https://registry.npmjs.org/@babylonjs/loaders/-/loaders-5.0.0-alpha.65.tgz",
      "integrity": "sha512-RMjWdM3WnA5v5Y00VrCTvxUFsQPzBj1Y1vVKds8cyD8UEpwhlYktbqmUZDOhRreJujmo/bACwhmtFaYijW0hvA==",
      "dev": true,
      "license": "Apache-2.0",
      "dependencies": {
        "@babylonjs/core": "5.0.0-alpha.65",
        "babylonjs-gltf2interface": "5.0.0-alpha.65",
        "tslib": "^2.3.1"
      },
      "engines": {
        "node": "*"
      }
    },
    "node_modules/@types/node": {
      "version": "15.14.9",
      "resolved": "https://registry.npmjs.org/@types/node/-/node-15.14.9.tgz",
      "integrity": "sha512-qjd88DrCxupx/kJD5yQgZdcYKZKSIGBVDIBE1/LTGcNm3d2Np/jxojkdePDdfnBHJc5W7vSMpbJ1aB7p/Py69A==",
      "dev": true
    },
    "node_modules/babylonjs-gltf2interface": {
      "version": "5.0.0-alpha.65",
      "resolved": "https://registry.npmjs.org/babylonjs-gltf2interface/-/babylonjs-gltf2interface-5.0.0-alpha.65.tgz",
      "integrity": "sha512-0GI2UUzBrHTGlIhE2vovsD/VVr/ao/KbLMgeefBQiwFsQ0fNTExEe0BuFTvmg91QQeTXKmEWALjVtJrSvNy/lg==",
      "dev": true,
      "engines": {
        "node": "*"
      }
    },
    "node_modules/immediate": {
      "version": "3.0.6",
      "resolved": "https://registry.npmjs.org/immediate/-/immediate-3.0.6.tgz",
      "integrity": "sha1-nbHb0Pr43m++D13V5Wu2BigN5ps=",
      "dev": true
    },
    "node_modules/lie": {
      "version": "3.1.1",
      "resolved": "https://registry.npmjs.org/lie/-/lie-3.1.1.tgz",
      "integrity": "sha1-mkNrLMd0bKWd56QfpGmz77dr2H4=",
      "dev": true,
      "dependencies": {
        "immediate": "~3.0.5"
      }
    },
    "node_modules/localforage": {
      "version": "1.10.0",
      "resolved": "https://registry.npmjs.org/localforage/-/localforage-1.10.0.tgz",
      "integrity": "sha512-14/H1aX7hzBBmmh7sGPd+AOMkkIrHM3Z1PAyGgZigA1H1p5O5ANnMyWzvpAETtG68/dC4pC0ncy3+PPGzXZHPg==",
      "dev": true,
      "dependencies": {
        "lie": "3.1.1"
      }
    },
    "node_modules/lodash": {
      "version": "4.17.21",
      "resolved": "https://registry.npmjs.org/lodash/-/lodash-4.17.21.tgz",
      "integrity": "sha512-v2kDEe57lecTulaDIuNTPy3Ry4gLGJ6Z1O3vE1krgXZNrsQ+LFTGHVxVjcXPs17LhbZVGedAJv8XZ1tvj5FvSg==",
      "dev": true
    },
    "node_modules/tslib": {
      "version": "2.3.1",
      "resolved": "https://registry.npmjs.org/tslib/-/tslib-2.3.1.tgz",
      "integrity": "sha512-77EbyPPpMz+FRFRuAFlWMtmgUWGe9UOG2Z25NqCwiIjRhOf5iKGuzSe5P2w1laq+FkRy4p+PCuVkJSGkzTEKVw==",
      "dev": true
    },
    "node_modules/typescript": {
      "version": "4.5.4",
      "resolved": "https://registry.npmjs.org/typescript/-/typescript-4.5.4.tgz",
      "integrity": "sha512-VgYs2A2QIRuGphtzFV7aQJduJ2gyfTljngLzjpfW9FoYZF6xuw1W0vW9ghCKLfcWrCFxK81CSGRAvS1pn4fIUg==",
      "dev": true,
      "bin": {
        "tsc": "bin/tsc",
        "tsserver": "bin/tsserver"
      },
      "engines": {
        "node": ">=4.2.0"
      }
    }
  },
  "dependencies": {
    "@babylonjs/core": {
      "version": "5.0.0-alpha.65",
      "resolved": "https://registry.npmjs.org/@babylonjs/core/-/core-5.0.0-alpha.65.tgz",
      "integrity": "sha512-L4b5cLVYVqR+TuSMZK5tt79JXIndUq/RtMKgMFgNZbIweoBxY7C9Xf+DaoWrpDpXeb4ReaHLQJeeJczyzJQV6g==",
      "dev": true,
      "requires": {
        "tslib": "^2.3.1"
      }
    },
    "@babylonjs/loaders": {
      "version": "5.0.0-alpha.65",
      "resolved": "https://registry.npmjs.org/@babylonjs/loaders/-/loaders-5.0.0-alpha.65.tgz",
      "integrity": "sha512-RMjWdM3WnA5v5Y00VrCTvxUFsQPzBj1Y1vVKds8cyD8UEpwhlYktbqmUZDOhRreJujmo/bACwhmtFaYijW0hvA==",
      "dev": true,
      "requires": {
        "@babylonjs/core": "5.0.0-alpha.65",
        "babylonjs-gltf2interface": "5.0.0-alpha.65",
        "tslib": "^2.3.1"
      }
    },
    "@types/node": {
      "version": "15.14.9",
      "resolved": "https://registry.npmjs.org/@types/node/-/node-15.14.9.tgz",
      "integrity": "sha512-qjd88DrCxupx/kJD5yQgZdcYKZKSIGBVDIBE1/LTGcNm3d2Np/jxojkdePDdfnBHJc5W7vSMpbJ1aB7p/Py69A==",
      "dev": true
    },
    "babylonjs-gltf2interface": {
      "version": "5.0.0-alpha.65",
      "resolved": "https://registry.npmjs.org/babylonjs-gltf2interface/-/babylonjs-gltf2interface-5.0.0-alpha.65.tgz",
      "integrity": "sha512-0GI2UUzBrHTGlIhE2vovsD/VVr/ao/KbLMgeefBQiwFsQ0fNTExEe0BuFTvmg91QQeTXKmEWALjVtJrSvNy/lg==",
      "dev": true
    },
    "immediate": {
      "version": "3.0.6",
      "resolved": "https://registry.npmjs.org/immediate/-/immediate-3.0.6.tgz",
      "integrity": "sha1-nbHb0Pr43m++D13V5Wu2BigN5ps=",
      "dev": true
    },
    "lie": {
      "version": "3.1.1",
      "resolved": "https://registry.npmjs.org/lie/-/lie-3.1.1.tgz",
      "integrity": "sha1-mkNrLMd0bKWd56QfpGmz77dr2H4=",
      "dev": true,
      "requires": {
        "immediate": "~3.0.5"
      }
    },
    "localforage": {
      "version": "1.10.0",
      "resolved": "https://registry.npmjs.org/localforage/-/localforage-1.10.0.tgz",
      "integrity": "sha512-14/H1aX7hzBBmmh7sGPd+AOMkkIrHM3Z1PAyGgZigA1H1p5O5ANnMyWzvpAETtG68/dC4pC0ncy3+PPGzXZHPg==",
      "dev": true,
      "requires": {
        "lie": "3.1.1"
      }
    },
    "lodash": {
      "version": "4.17.21",
      "resolved": "https://registry.npmjs.org/lodash/-/lodash-4.17.21.tgz",
      "integrity": "sha512-v2kDEe57lecTulaDIuNTPy3Ry4gLGJ6Z1O3vE1krgXZNrsQ+LFTGHVxVjcXPs17LhbZVGedAJv8XZ1tvj5FvSg==",
      "dev": true
    },
    "tslib": {
      "version": "2.3.1",
      "resolved": "https://registry.npmjs.org/tslib/-/tslib-2.3.1.tgz",
      "integrity": "sha512-77EbyPPpMz+FRFRuAFlWMtmgUWGe9UOG2Z25NqCwiIjRhOf5iKGuzSe5P2w1laq+FkRy4p+PCuVkJSGkzTEKVw==",
      "dev": true
    },
    "typescript": {
      "version": "4.5.4",
      "resolved": "https://registry.npmjs.org/typescript/-/typescript-4.5.4.tgz",
      "integrity": "sha512-VgYs2A2QIRuGphtzFV7aQJduJ2gyfTljngLzjpfW9FoYZF6xuw1W0vW9ghCKLfcWrCFxK81CSGRAvS1pn4fIUg==",
      "dev": true
    }
  }
}
