{
  "name": "@tridify/babylonjs-utilities",
  "version": "0.0.31",
  "lockfileVersion": 1,
  "requires": true,
  "dependencies": {
    "@babylonjs/core": {
      "version": "4.1.0",
      "resolved": "https://registry.npmjs.org/@babylonjs/core/-/core-4.1.0.tgz",
      "integrity": "sha512-4pEKPEu14qRdqH5qatfmns/iHFHmujDI22SXkHIlJhTT0WgJH4I8IN1fPw9sU6jSCH2ul76Lpbi2zREvfrEDQA==",
      "requires": {
        "tslib": "^1.10.0"
      }
    },
    "@babylonjs/loaders": {
      "version": "4.1.0",
      "resolved": "https://registry.npmjs.org/@babylonjs/loaders/-/loaders-4.1.0.tgz",
      "integrity": "sha512-stK/QygoNhdrJ9q8yNyZ7iE8Eu+dpwBviSoEigLX5IwHFJUmyxeI0LIZpjRAP2GRB96kqLrBsIBdWEwk076w/g==",
      "requires": {
        "@babylonjs/core": "4.1.0",
        "babylonjs-gltf2interface": "4.1.0",
        "tslib": "^1.10.0"
      }
    },
    "babylonjs-gltf2interface": {
      "version": "4.1.0",
      "resolved": "https://registry.npmjs.org/babylonjs-gltf2interface/-/babylonjs-gltf2interface-4.1.0.tgz",
      "integrity": "sha512-H2obg+4t8bcmLyzGiOQqmUaTQqTu+6mJUlsMWZvmRBf0k2fQVeTdAkH7aDy6HVIz/THvpIx4ntG1Lsyquvmc5Q=="
    },
    "tslib": {
      "version": "1.10.0",
      "resolved": "https://registry.npmjs.org/tslib/-/tslib-1.10.0.tgz",
      "integrity": "sha512-qOebF53frne81cf0S9B41ByenJ3/IuH8yJKngAX35CmiZySA0khhkovshKK+jGCaMnVomla7gVlIcc3EvKPbTQ=="
    },
    "typescript": {
      "version": "3.9.7",
      "resolved": "https://registry.npmjs.org/typescript/-/typescript-3.9.7.tgz",
      "integrity": "sha512-BLbiRkiBzAwsjut4x/dsibSTB6yWpwT5qWmC2OfuCg3GgVQCSgMs4vEctYPhsaGtd0AeuuHMkjZ2h2WG8MSzRw==",
      "dev": true
    }
  }
}
